
Microsoft Visual Studio Solution File, Format Version 12.00
# Visual Studio Version 17
VisualStudioVersion = 17.4.33213.308
MinimumVisualStudioVersion = 10.0.40219.1
Project("{FAE04EC0-301F-11D3-BF4B-00C04F79EFBC}") = "Projeto07", "Projeto07\Projeto07.csproj", "{723F25FE-855A-4B24-AFC0-C892061C32E7}"
EndProject
Global
	GlobalSection(SolutionConfigurationPlatforms) = preSolution
		Debug|Any CPU = Debug|Any CPU
		Release|Any CPU = Release|Any CPU
	EndGlobalSection
	GlobalSection(ProjectConfigurationPlatforms) = postSolution
		{723F25FE-855A-4B24-AFC0-C892061C32E7}.Debug|Any CPU.ActiveCfg = Debug|Any CPU
		{723F25FE-855A-4B24-AFC0-C892061C32E7}.Debug|Any CPU.Build.0 = Debug|Any CPU
		{723F25FE-855A-4B24-AFC0-C892061C32E7}.Release|Any CPU.ActiveCfg = Release|Any CPU
		{723F25FE-855A-4B24-AFC0-C892061C32E7}.Release|Any CPU.Build.0 = Release|Any CPU
	EndGlobalSection
	GlobalSection(SolutionProperties) = preSolution
		HideSolutionNode = FALSE
	EndGlobalSection
	GlobalSection(ExtensibilityGlobals) = postSolution
		SolutionGuid = {3D11D423-3D38-4F55-8059-8FD3B6537F35}
	EndGlobalSection
EndGlobal
